
Microsoft Visual Studio Solution File, Format Version 12.00
# Visual Studio 2013
VisualStudioVersion = 12.0.21005.1
MinimumVisualStudioVersion = 10.0.40219.1
Project("{FAE04EC0-301F-11D3-BF4B-00C04F79EFBC}") = "CFMacro", "CFMacro\CFMacro.csproj", "{9C7AA1B4-F778-447C-AD43-86E0956B0FDC}"
EndProject
Project("{6141683F-8A12-4E36-9623-2EB02B2C2303}") = "CFMInstall", "CFMInstall\CFMInstall.isproj", "{328C56C0-80CF-4017-ABE3-ADD324337623}"
	ProjectSection(ProjectDependencies) = postProject
		{9C7AA1B4-F778-447C-AD43-86E0956B0FDC} = {9C7AA1B4-F778-447C-AD43-86E0956B0FDC}
	EndProjectSection
EndProject
Global
	GlobalSection(SolutionConfigurationPlatforms) = preSolution
		CD_ROM|Any CPU = CD_ROM|Any CPU
		Debug|Any CPU = Debug|Any CPU
		DVD-5|Any CPU = DVD-5|Any CPU
		Release|Any CPU = Release|Any CPU
		SingleImage|Any CPU = SingleImage|Any CPU
	EndGlobalSection
	GlobalSection(ProjectConfigurationPlatforms) = postSolution
		{9C7AA1B4-F778-447C-AD43-86E0956B0FDC}.CD_ROM|Any CPU.ActiveCfg = Release|Any CPU
		{9C7AA1B4-F778-447C-AD43-86E0956B0FDC}.CD_ROM|Any CPU.Build.0 = Release|Any CPU
		{9C7AA1B4-F778-447C-AD43-86E0956B0FDC}.Debug|Any CPU.ActiveCfg = Debug|Any CPU
		{9C7AA1B4-F778-447C-AD43-86E0956B0FDC}.Debug|Any CPU.Build.0 = Debug|Any CPU
		{9C7AA1B4-F778-447C-AD43-86E0956B0FDC}.DVD-5|Any CPU.ActiveCfg = Debug|Any CPU
		{9C7AA1B4-F778-447C-AD43-86E0956B0FDC}.DVD-5|Any CPU.Build.0 = Debug|Any CPU
		{9C7AA1B4-F778-447C-AD43-86E0956B0FDC}.Release|Any CPU.ActiveCfg = Release|Any CPU
		{9C7AA1B4-F778-447C-AD43-86E0956B0FDC}.Release|Any CPU.Build.0 = Release|Any CPU
		{9C7AA1B4-F778-447C-AD43-86E0956B0FDC}.SingleImage|Any CPU.ActiveCfg = Release|Any CPU
		{9C7AA1B4-F778-447C-AD43-86E0956B0FDC}.SingleImage|Any CPU.Build.0 = Release|Any CPU
		{328C56C0-80CF-4017-ABE3-ADD324337623}.CD_ROM|Any CPU.ActiveCfg = CD_ROM
		{328C56C0-80CF-4017-ABE3-ADD324337623}.CD_ROM|Any CPU.Build.0 = CD_ROM
		{328C56C0-80CF-4017-ABE3-ADD324337623}.Debug|Any CPU.ActiveCfg = DVD-5
		{328C56C0-80CF-4017-ABE3-ADD324337623}.Debug|Any CPU.Build.0 = DVD-5
		{328C56C0-80CF-4017-ABE3-ADD324337623}.DVD-5|Any CPU.ActiveCfg = DVD-5
		{328C56C0-80CF-4017-ABE3-ADD324337623}.DVD-5|Any CPU.Build.0 = DVD-5
		{328C56C0-80CF-4017-ABE3-ADD324337623}.Release|Any CPU.ActiveCfg = SingleImage
		{328C56C0-80CF-4017-ABE3-ADD324337623}.Release|Any CPU.Build.0 = SingleImage
		{328C56C0-80CF-4017-ABE3-ADD324337623}.SingleImage|Any CPU.ActiveCfg = SingleImage
		{328C56C0-80CF-4017-ABE3-ADD324337623}.SingleImage|Any CPU.Build.0 = SingleImage
	EndGlobalSection
	GlobalSection(SolutionProperties) = preSolution
		HideSolutionNode = FALSE
	EndGlobalSection
EndGlobal
